
Microsoft Visual Studio Solution File, Format Version 12.00
# Visual Studio Version 16
VisualStudioVersion = 16.0.30717.126
MinimumVisualStudioVersion = 10.0.40219.1
Project("{9A19103F-16F7-4668-BE54-9A1E7A4F7556}") = "GameEngine", "GameEngine\GameEngine.csproj", "{99D0F20C-A019-4A08-9A3E-D75ABF1E6E67}"
EndProject
Project("{9A19103F-16F7-4668-BE54-9A1E7A4F7556}") = "AdventurerWin", "AdventurerWIN\AdventurerWin.csproj", "{40150D8D-2F06-4B49-843F-5E3138F02208}"
EndProject
Project("{9A19103F-16F7-4668-BE54-9A1E7A4F7556}") = "Adventurer", "Adventurer\Adventurer.csproj", "{BC01D1A9-B0BE-4267-9EA3-815D8EE48A6E}"
EndProject
Global
	GlobalSection(SolutionConfigurationPlatforms) = preSolution
		Debug|Any CPU = Debug|Any CPU
		Release|Any CPU = Release|Any CPU
	EndGlobalSection
	GlobalSection(ProjectConfigurationPlatforms) = postSolution
		{99D0F20C-A019-4A08-9A3E-D75ABF1E6E67}.Debug|Any CPU.ActiveCfg = Debug|Any CPU
		{99D0F20C-A019-4A08-9A3E-D75ABF1E6E67}.Debug|Any CPU.Build.0 = Debug|Any CPU
		{99D0F20C-A019-4A08-9A3E-D75ABF1E6E67}.Release|Any CPU.ActiveCfg = Release|Any CPU
		{99D0F20C-A019-4A08-9A3E-D75ABF1E6E67}.Release|Any CPU.Build.0 = Release|Any CPU
		{40150D8D-2F06-4B49-843F-5E3138F02208}.Debug|Any CPU.ActiveCfg = Debug|Any CPU
		{40150D8D-2F06-4B49-843F-5E3138F02208}.Debug|Any CPU.Build.0 = Debug|Any CPU
		{40150D8D-2F06-4B49-843F-5E3138F02208}.Release|Any CPU.ActiveCfg = Release|Any CPU
		{40150D8D-2F06-4B49-843F-5E3138F02208}.Release|Any CPU.Build.0 = Release|Any CPU
		{BC01D1A9-B0BE-4267-9EA3-815D8EE48A6E}.Debug|Any CPU.ActiveCfg = Debug|Any CPU
		{BC01D1A9-B0BE-4267-9EA3-815D8EE48A6E}.Debug|Any CPU.Build.0 = Debug|Any CPU
		{BC01D1A9-B0BE-4267-9EA3-815D8EE48A6E}.Release|Any CPU.ActiveCfg = Release|Any CPU
		{BC01D1A9-B0BE-4267-9EA3-815D8EE48A6E}.Release|Any CPU.Build.0 = Release|Any CPU
	EndGlobalSection
	GlobalSection(SolutionProperties) = preSolution
		HideSolutionNode = FALSE
	EndGlobalSection
	GlobalSection(ExtensibilityGlobals) = postSolution
		SolutionGuid = {3DCD11A9-EFF9-4E3C-A91A-39C70EAF745D}
	EndGlobalSection
EndGlobal
